{
  "name": "common",
  "version": "1.0.0",
  "lockfileVersion": 2,
  "requires": true,
  "packages": {
    "": {
      "version": "1.0.0",
      "license": "ISC",
      "dependencies": {
        "luxon": "^1.26.0"
      },
      "devDependencies": {
        "@types/luxon": "^1.26.3"
      }
    },
    "node_modules/@types/luxon": {
      "version": "1.26.5",
      "resolved": "https://registry.npmjs.org/@types/luxon/-/luxon-1.26.5.tgz",
      "integrity": "sha512-XeQxxRMyJi1znfzHw4CGDLyup/raj84SnjjkI2fDootZPGlB0yqtvlvEIAmzHDa5wiEI5JJevZOWxpcofsaV+A==",
      "dev": true
    },
    "node_modules/luxon": {
      "version": "1.28.1",
      "resolved": "https://registry.npmjs.org/luxon/-/luxon-1.28.1.tgz",
      "integrity": "sha512-gYHAa180mKrNIUJCbwpmD0aTu9kV0dREDrwNnuyFAsO1Wt0EVYSZelPnJlbj9HplzXX/YWXHFTL45kvZ53M0pw==",
      "engines": {
        "node": "*"
      }
    }
  },
  "dependencies": {
    "@types/luxon": {
      "version": "1.26.5",
      "resolved": "https://registry.npmjs.org/@types/luxon/-/luxon-1.26.5.tgz",
      "integrity": "sha512-XeQxxRMyJi1znfzHw4CGDLyup/raj84SnjjkI2fDootZPGlB0yqtvlvEIAmzHDa5wiEI5JJevZOWxpcofsaV+A==",
      "dev": true
    },
    "luxon": {
      "version": "1.28.1",
      "resolved": "https://registry.npmjs.org/luxon/-/luxon-1.28.1.tgz",
      "integrity": "sha512-gYHAa180mKrNIUJCbwpmD0aTu9kV0dREDrwNnuyFAsO1Wt0EVYSZelPnJlbj9HplzXX/YWXHFTL45kvZ53M0pw=="
    }
  }
}
