{
  "name": "common",
  "version": "1.0.0",
  "lockfileVersion": 2,
  "requires": true,
  "packages": {
    "": {
      "version": "1.0.0",
      "license": "ISC",
      "dependencies": {
        "luxon": "^1.26.0"
      },
      "devDependencies": {
        "@types/luxon": "^1.26.2"
      }
    },
    "node_modules/@types/luxon": {
      "version": "1.26.2",
      "resolved": "https://registry.npmjs.org/@types/luxon/-/luxon-1.26.2.tgz",
      "integrity": "sha512-2pvzy4LuxBMBBLAbml6PDcJPiIeZQ0Hqj3PE31IxkNI250qeoRMDovTrHXeDkIL4auvtarSdpTkLHs+st43EYQ==",
      "dev": true
    },
    "node_modules/luxon": {
      "version": "1.26.0",
      "resolved": "https://registry.npmjs.org/luxon/-/luxon-1.26.0.tgz",
      "integrity": "sha512-+V5QIQ5f6CDXQpWNICELwjwuHdqeJM1UenlZWx5ujcRMc9venvluCjFb4t5NYLhb6IhkbMVOxzVuOqkgMxee2A==",
      "engines": {
        "node": "*"
      }
    }
  },
  "dependencies": {
    "@types/luxon": {
      "version": "1.26.2",
      "resolved": "https://registry.npmjs.org/@types/luxon/-/luxon-1.26.2.tgz",
      "integrity": "sha512-2pvzy4LuxBMBBLAbml6PDcJPiIeZQ0Hqj3PE31IxkNI250qeoRMDovTrHXeDkIL4auvtarSdpTkLHs+st43EYQ==",
      "dev": true
    },
    "luxon": {
      "version": "1.26.0",
      "resolved": "https://registry.npmjs.org/luxon/-/luxon-1.26.0.tgz",
      "integrity": "sha512-+V5QIQ5f6CDXQpWNICELwjwuHdqeJM1UenlZWx5ujcRMc9venvluCjFb4t5NYLhb6IhkbMVOxzVuOqkgMxee2A=="
    }
  }
}
